{
  "name": "04_iteration",
  "lockfileVersion": 3,
  "requires": true,
  "packages": {
    "": {
      "dependencies": {
        "js-network-monitor": "^1.0.9"
      }
    },
    "node_modules/js-network-monitor": {
      "version": "1.0.9",
      "resolved": "https://registry.npmjs.org/js-network-monitor/-/js-network-monitor-1.0.9.tgz",
      "integrity": "sha512-5H5Vh1joRW2/8JpYSo9ktgCi7vMnJjf/5QELtLe5fHN4fGhtIldTMgW5SgJPnx6z6TJ7NGL9cq3C05YWe4/XZA=="
    }
  }
}
